// !$*UTF8*$!
{
	archiveVersion = 1;
	classes = {
	};
	objectVersion = 50;
	objects = {

/* Begin PBXBuildFile section */
		729BB989243CF496007FD07C /* Cairo-Bold.ttf in Resources */ = {isa = PBXBuildFile; fileRef = 729BB986243CF372007FD07C /* Cairo-Bold.ttf */; };
		729BB98A243CF496007FD07C /* Cairo-Regular.ttf in Resources */ = {isa = PBXBuildFile; fileRef = 729BB984243CF372007FD07C /* Cairo-Regular.ttf */; };
		729BB98B243CF496007FD07C /* Proxima Nova Bold.otf in Resources */ = {isa = PBXBuildFile; fileRef = 729BB987243CF372007FD07C /* Proxima Nova Bold.otf */; };
		729BB98C243CF496007FD07C /* Proxima Nova Black.otf in Resources */ = {isa = PBXBuildFile; fileRef = 729BB988243CF3E5007FD07C /* Proxima Nova Black.otf */; };
		729BB98D243CF496007FD07C /* ProximaNova-Regular.otf in Resources */ = {isa = PBXBuildFile; fileRef = 729BB985243CF372007FD07C /* ProximaNova-Regular.otf */; };
		72E00BEA243CD36D00D37425 /* AppDelegate.swift in Sources */ = {isa = PBXBuildFile; fileRef = 72E00BE9243CD36D00D37425 /* AppDelegate.swift */; };
		72E00BEC243CD36D00D37425 /* SceneDelegate.swift in Sources */ = {isa = PBXBuildFile; fileRef = 72E00BEB243CD36D00D37425 /* SceneDelegate.swift */; };
		72E00BEE243CD36D00D37425 /* InitialViewController.swift in Sources */ = {isa = PBXBuildFile; fileRef = 72E00BED243CD36D00D37425 /* InitialViewController.swift */; };
		72E00BF1243CD36D00D37425 /* Main.storyboard in Resources */ = {isa = PBXBuildFile; fileRef = 72E00BEF243CD36D00D37425 /* Main.storyboard */; };
		72E00BF3243CD37100D37425 /* Assets.xcassets in Resources */ = {isa = PBXBuildFile; fileRef = 72E00BF2243CD37100D37425 /* Assets.xcassets */; };
		72E00BF6243CD37100D37425 /* LaunchScreen.storyboard in Resources */ = {isa = PBXBuildFile; fileRef = 72E00BF4243CD37100D37425 /* LaunchScreen.storyboard */; };
		72E00BFE243CD4AB00D37425 /* UIFont+Additions.swift in Sources */ = {isa = PBXBuildFile; fileRef = 72E00BFD243CD4AB00D37425 /* UIFont+Additions.swift */; };
		72E00C25243CDB5300D37425 /* Utility.swift in Sources */ = {isa = PBXBuildFile; fileRef = 72E00C24243CDB5200D37425 /* Utility.swift */; };
		72E00C28243CE16600D37425 /* LanguageSettingViewController.swift in Sources */ = {isa = PBXBuildFile; fileRef = 72E00C27243CE16600D37425 /* LanguageSettingViewController.swift */; };
/* End PBXBuildFile section */

/* Begin PBXFileReference section */
		729BB984243CF372007FD07C /* Cairo-Regular.ttf */ = {isa = PBXFileReference; lastKnownFileType = file; path = "Cairo-Regular.ttf"; sourceTree = "<group>"; };
		729BB985243CF372007FD07C /* ProximaNova-Regular.otf */ = {isa = PBXFileReference; lastKnownFileType = file; path = "ProximaNova-Regular.otf"; sourceTree = "<group>"; };
		729BB986243CF372007FD07C /* Cairo-Bold.ttf */ = {isa = PBXFileReference; lastKnownFileType = file; path = "Cairo-Bold.ttf"; sourceTree = "<group>"; };
		729BB987243CF372007FD07C /* Proxima Nova Bold.otf */ = {isa = PBXFileReference; lastKnownFileType = file; path = "Proxima Nova Bold.otf"; sourceTree = "<group>"; };
		729BB988243CF3E5007FD07C /* Proxima Nova Black.otf */ = {isa = PBXFileReference; lastKnownFileType = file; path = "Proxima Nova Black.otf"; sourceTree = "<group>"; };
		72E00BE6243CD36D00D37425 /* LanguageAndFonts.app */ = {isa = PBXFileReference; explicitFileType = wrapper.application; includeInIndex = 0; path = LanguageAndFonts.app; sourceTree = BUILT_PRODUCTS_DIR; };
		72E00BE9243CD36D00D37425 /* AppDelegate.swift */ = {isa = PBXFileReference; lastKnownFileType = sourcecode.swift; path = AppDelegate.swift; sourceTree = "<group>"; };
		72E00BEB243CD36D00D37425 /* SceneDelegate.swift */ = {isa = PBXFileReference; lastKnownFileType = sourcecode.swift; path = SceneDelegate.swift; sourceTree = "<group>"; };
		72E00BED243CD36D00D37425 /* InitialViewController.swift */ = {isa = PBXFileReference; lastKnownFileType = sourcecode.swift; path = InitialViewController.swift; sourceTree = "<group>"; };
		72E00BF0243CD36D00D37425 /* Base */ = {isa = PBXFileReference; lastKnownFileType = file.storyboard; name = Base; path = Base.lproj/Main.storyboard; sourceTree = "<group>"; };
		72E00BF2243CD37100D37425 /* Assets.xcassets */ = {isa = PBXFileReference; lastKnownFileType = folder.assetcatalog; path = Assets.xcassets; sourceTree = "<group>"; };
		72E00BF5243CD37100D37425 /* Base */ = {isa = PBXFileReference; lastKnownFileType = file.storyboard; name = Base; path = Base.lproj/LaunchScreen.storyboard; sourceTree = "<group>"; };
		72E00BF7243CD37100D37425 /* Info.plist */ = {isa = PBXFileReference; lastKnownFileType = text.plist.xml; path = Info.plist; sourceTree = "<group>"; };
		72E00BFD243CD4AB00D37425 /* UIFont+Additions.swift */ = {isa = PBXFileReference; lastKnownFileType = sourcecode.swift; path = "UIFont+Additions.swift"; sourceTree = "<group>"; };
		72E00C24243CDB5200D37425 /* Utility.swift */ = {isa = PBXFileReference; lastKnownFileType = sourcecode.swift; path = Utility.swift; sourceTree = "<group>"; };
		72E00C27243CE16600D37425 /* LanguageSettingViewController.swift */ = {isa = PBXFileReference; fileEncoding = 4; lastKnownFileType = sourcecode.swift; path = LanguageSettingViewController.swift; sourceTree = "<group>"; };
/* End PBXFileReference section */

/* Begin PBXFrameworksBuildPhase section */
		72E00BE3243CD36D00D37425 /* Frameworks */ = {
			isa = PBXFrameworksBuildPhase;
			buildActionMask = 2147483647;
			files = (
			);
			runOnlyForDeploymentPostprocessing = 0;
		};
/* End PBXFrameworksBuildPhase section */

/* Begin PBXGroup section */
		72E00BDD243CD36D00D37425 = {
			isa = PBXGroup;
			children = (
				72E00BE8243CD36D00D37425 /* LanguageAndFonts */,
				72E00BE7243CD36D00D37425 /* Products */,
			);
			sourceTree = "<group>";
		};
		72E00BE7243CD36D00D37425 /* Products */ = {
			isa = PBXGroup;
			children = (
				72E00BE6243CD36D00D37425 /* LanguageAndFonts.app */,
			);
			name = Products;
			sourceTree = "<group>";
		};
		72E00BE8243CD36D00D37425 /* LanguageAndFonts */ = {
			isa = PBXGroup;
			children = (
				72E00BFF243CD4C100D37425 /* Fonts */,
				72E00BE9243CD36D00D37425 /* AppDelegate.swift */,
				72E00BFD243CD4AB00D37425 /* UIFont+Additions.swift */,
				72E00C24243CDB5200D37425 /* Utility.swift */,
				72E00BEB243CD36D00D37425 /* SceneDelegate.swift */,
				72E00C27243CE16600D37425 /* LanguageSettingViewController.swift */,
				72E00BED243CD36D00D37425 /* InitialViewController.swift */,
				72E00BEF243CD36D00D37425 /* Main.storyboard */,
				72E00BF2243CD37100D37425 /* Assets.xcassets */,
				72E00BF4243CD37100D37425 /* LaunchScreen.storyboard */,
				72E00BF7243CD37100D37425 /* Info.plist */,
			);
			path = LanguageAndFonts;
			sourceTree = "<group>";
		};
		72E00BFF243CD4C100D37425 /* Fonts */ = {
			isa = PBXGroup;
			children = (
				72E00C00243CD6F800D37425 /* Fonts */,
			);
			path = Fonts;
			sourceTree = "<group>";
		};
		72E00C00243CD6F800D37425 /* Fonts */ = {
			isa = PBXGroup;
			children = (
				729BB986243CF372007FD07C /* Cairo-Bold.ttf */,
				729BB984243CF372007FD07C /* Cairo-Regular.ttf */,
				729BB987243CF372007FD07C /* Proxima Nova Bold.otf */,
				729BB988243CF3E5007FD07C /* Proxima Nova Black.otf */,
				729BB985243CF372007FD07C /* ProximaNova-Regular.otf */,
			);
			path = Fonts;
			sourceTree = "<group>";
		};
/* End PBXGroup section */

/* Begin PBXNativeTarget section */
		72E00BE5243CD36D00D37425 /* LanguageAndFonts */ = {
			isa = PBXNativeTarget;
			buildConfigurationList = 72E00BFA243CD37100D37425 /* Build configuration list for PBXNativeTarget "LanguageAndFonts" */;
			buildPhases = (
				72E00BE2243CD36D00D37425 /* Sources */,
				72E00BE3243CD36D00D37425 /* Frameworks */,
				72E00BE4243CD36D00D37425 /* Resources */,
			);
			buildRules = (
			);
			dependencies = (
			);
			name = LanguageAndFonts;
			productName = LanguageAndFonts;
			productReference = 72E00BE6243CD36D00D37425 /* LanguageAndFonts.app */;
			productType = "com.apple.product-type.application";
		};
/* End PBXNativeTarget section */

/* Begin PBXProject section */
		72E00BDE243CD36D00D37425 /* Project object */ = {
			isa = PBXProject;
			attributes = {
				LastSwiftUpdateCheck = 1140;
				LastUpgradeCheck = 1140;
				ORGANIZATIONNAME = AF;
				TargetAttributes = {
					72E00BE5243CD36D00D37425 = {
						CreatedOnToolsVersion = 11.4;
					};
				};
			};
			buildConfigurationList = 72E00BE1243CD36D00D37425 /* Build configuration list for PBXProject "LanguageAndFonts" */;
			compatibilityVersion = "Xcode 9.3";
			developmentRegion = en;
			hasScannedForEncodings = 0;
			knownRegions = (
				en,
				Base,
			);
			mainGroup = 72E00BDD243CD36D00D37425;
			productRefGroup = 72E00BE7243CD36D00D37425 /* Products */;
			projectDirPath = "";
			projectRoot = "";
			targets = (
				72E00BE5243CD36D00D37425 /* LanguageAndFonts */,
			);
		};
/* End PBXProject section */

/* Begin PBXResourcesBuildPhase section */
		72E00BE4243CD36D00D37425 /* Resources */ = {
			isa = PBXResourcesBuildPhase;
			buildActionMask = 2147483647;
			files = (
				72E00BF6243CD37100D37425 /* LaunchScreen.storyboard in Resources */,
				729BB98D243CF496007FD07C /* ProximaNova-Regular.otf in Resources */,
				72E00BF3243CD37100D37425 /* Assets.xcassets in Resources */,
				729BB989243CF496007FD07C /* Cairo-Bold.ttf in Resources */,
				729BB98B243CF496007FD07C /* Proxima Nova Bold.otf in Resources */,
				729BB98C243CF496007FD07C /* Proxima Nova Black.otf in Resources */,
				72E00BF1243CD36D00D37425 /* Main.storyboard in Resources */,
				729BB98A243CF496007FD07C /* Cairo-Regular.ttf in Resources */,
			);
			runOnlyForDeploymentPostprocessing = 0;
		};
/* End PBXResourcesBuildPhase section */

/* Begin PBXSourcesBuildPhase section */
		72E00BE2243CD36D00D37425 /* Sources */ = {
			isa = PBXSourcesBuildPhase;
			buildActionMask = 2147483647;
			files = (
				72E00BFE243CD4AB00D37425 /* UIFont+Additions.swift in Sources */,
				72E00C25243CDB5300D37425 /* Utility.swift in Sources */,
				72E00BEE243CD36D00D37425 /* InitialViewController.swift in Sources */,
				72E00C28243CE16600D37425 /* LanguageSettingViewController.swift in Sources */,
				72E00BEA243CD36D00D37425 /* AppDelegate.swift in Sources */,
				72E00BEC243CD36D00D37425 /* SceneDelegate.swift in Sources */,
			);
			runOnlyForDeploymentPostprocessing = 0;
		};
/* End PBXSourcesBuildPhase section */

/* Begin PBXVariantGroup section */
		72E00BEF243CD36D00D37425 /* Main.storyboard */ = {
			isa = PBXVariantGroup;
			children = (
				72E00BF0243CD36D00D37425 /* Base */,
			);
			name = Main.storyboard;
			sourceTree = "<group>";
		};
		72E00BF4243CD37100D37425 /* LaunchScreen.storyboard */ = {
			isa = PBXVariantGroup;
			children = (
				72E00BF5243CD37100D37425 /* Base */,
			);
			name = LaunchScreen.storyboard;
			sourceTree = "<group>";
		};
/* End PBXVariantGroup section */

/* Begin XCBuildConfiguration section */
		72E00BF8243CD37100D37425 /* Debug */ = {
			isa = XCBuildConfiguration;
			buildSettings = {
				ALWAYS_SEARCH_USER_PATHS = NO;
				CLANG_ANALYZER_NONNULL = YES;
				CLANG_ANALYZER_NUMBER_OBJECT_CONVERSION = YES_AGGRESSIVE;
				CLANG_CXX_LANGUAGE_STANDARD = "gnu++14";
				CLANG_CXX_LIBRARY = "libc++";
				CLANG_ENABLE_MODULES = YES;
				CLANG_ENABLE_OBJC_ARC = YES;
				CLANG_ENABLE_OBJC_WEAK = YES;
				CLANG_WARN_BLOCK_CAPTURE_AUTORELEASING = YES;
				CLANG_WARN_BOOL_CONVERSION = YES;
				CLANG_WARN_COMMA = YES;
				CLANG_WARN_CONSTANT_CONVERSION = YES;
				CLANG_WARN_DEPRECATED_OBJC_IMPLEMENTATIONS = YES;
				CLANG_WARN_DIRECT_OBJC_ISA_USAGE = YES_ERROR;
				CLANG_WARN_DOCUMENTATION_COMMENTS = YES;
				CLANG_WARN_EMPTY_BODY = YES;
				CLANG_WARN_ENUM_CONVERSION = YES;
				CLANG_WARN_INFINITE_RECURSION = YES;
				CLANG_WARN_INT_CONVERSION = YES;
				CLANG_WARN_NON_LITERAL_NULL_CONVERSION = YES;
				CLANG_WARN_OBJC_IMPLICIT_RETAIN_SELF = YES;
				CLANG_WARN_OBJC_LITERAL_CONVERSION = YES;
				CLANG_WARN_OBJC_ROOT_CLASS = YES_ERROR;
				CLANG_WARN_RANGE_LOOP_ANALYSIS = YES;
				CLANG_WARN_STRICT_PROTOTYPES = YES;
				CLANG_WARN_SUSPICIOUS_MOVE = YES;
				CLANG_WARN_UNGUARDED_AVAILABILITY = YES_AGGRESSIVE;
				CLANG_WARN_UNREACHABLE_CODE = YES;
				CLANG_WARN__DUPLICATE_METHOD_MATCH = YES;
				COPY_PHASE_STRIP = NO;
				DEBUG_INFORMATION_FORMAT = dwarf;
				ENABLE_STRICT_OBJC_MSGSEND = YES;
				ENABLE_TESTABILITY = YES;
				GCC_C_LANGUAGE_STANDARD = gnu11;
				GCC_DYNAMIC_NO_PIC = NO;
				GCC_NO_COMMON_BLOCKS = YES;
				GCC_OPTIMIZATION_LEVEL = 0;
				GCC_PREPROCESSOR_DEFINITIONS = (
					"DEBUG=1",
					"$(inherited)",
				);
				GCC_WARN_64_TO_32_BIT_CONVERSION = YES;
				GCC_WARN_ABOUT_RETURN_TYPE = YES_ERROR;
				GCC_WARN_UNDECLARED_SELECTOR = YES;
				GCC_WARN_UNINITIALIZED_AUTOS = YES_AGGRESSIVE;
				GCC_WARN_UNUSED_FUNCTION = YES;
				GCC_WARN_UNUSED_VARIABLE = YES;
				IPHONEOS_DEPLOYMENT_TARGET = 13.4;
				MTL_ENABLE_DEBUG_INFO = INCLUDE_SOURCE;
				MTL_FAST_MATH = YES;
				ONLY_ACTIVE_ARCH = YES;
				SDKROOT = iphoneos;
				SWIFT_ACTIVE_COMPILATION_CONDITIONS = DEBUG;
				SWIFT_OPTIMIZATION_LEVEL = "-Onone";
			};
			name = Debug;
		};
		72E00BF9243CD37100D37425 /* Release */ = {
			isa = XCBuildConfiguration;
			buildSettings = {
				ALWAYS_SEARCH_USER_PATHS = NO;
				CLANG_ANALYZER_NONNULL = YES;
				CLANG_ANALYZER_NUMBER_OBJECT_CONVERSION = YES_AGGRESSIVE;
				CLANG_CXX_LANGUAGE_STANDARD = "gnu++14";
				CLANG_CXX_LIBRARY = "libc++";
				CLANG_ENABLE_MODULES = YES;
				CLANG_ENABLE_OBJC_ARC = YES;
				CLANG_ENABLE_OBJC_WEAK = YES;
				CLANG_WARN_BLOCK_CAPTURE_AUTORELEASING = YES;
				CLANG_WARN_BOOL_CONVERSION = YES;
				CLANG_WARN_COMMA = YES;
				CLANG_WARN_CONSTANT_CONVERSION = YES;
				CLANG_WARN_DEPRECATED_OBJC_IMPLEMENTATIONS = YES;
				CLANG_WARN_DIRECT_OBJC_ISA_USAGE = YES_ERROR;
				CLANG_WARN_DOCUMENTATION_COMMENTS = YES;
				CLANG_WARN_EMPTY_BODY = YES;
				CLANG_WARN_ENUM_CONVERSION = YES;
				CLANG_WARN_INFINITE_RECURSION = YES;
				CLANG_WARN_INT_CONVERSION = YES;
				CLANG_WARN_NON_LITERAL_NULL_CONVERSION = YES;
				CLANG_WARN_OBJC_IMPLICIT_RETAIN_SELF = YES;
				CLANG_WARN_OBJC_LITERAL_CONVERSION = YES;
				CLANG_WARN_OBJC_ROOT_CLASS = YES_ERROR;
				CLANG_WARN_RANGE_LOOP_ANALYSIS = YES;
				CLANG_WARN_STRICT_PROTOTYPES = YES;
				CLANG_WARN_SUSPICIOUS_MOVE = YES;
				CLANG_WARN_UNGUARDED_AVAILABILITY = YES_AGGRESSIVE;
				CLANG_WARN_UNREACHABLE_CODE = YES;
				CLANG_WARN__DUPLICATE_METHOD_MATCH = YES;
				COPY_PHASE_STRIP = NO;
				DEBUG_INFORMATION_FORMAT = "dwarf-with-dsym";
				ENABLE_NS_ASSERTIONS = NO;
				ENABLE_STRICT_OBJC_MSGSEND = YES;
				GCC_C_LANGUAGE_STANDARD = gnu11;
				GCC_NO_COMMON_BLOCKS = YES;
				GCC_WARN_64_TO_32_BIT_CONVERSION = YES;
				GCC_WARN_ABOUT_RETURN_TYPE = YES_ERROR;
				GCC_WARN_UNDECLARED_SELECTOR = YES;
				GCC_WARN_UNINITIALIZED_AUTOS = YES_AGGRESSIVE;
				GCC_WARN_UNUSED_FUNCTION = YES;
				GCC_WARN_UNUSED_VARIABLE = YES;
				IPHONEOS_DEPLOYMENT_TARGET = 13.4;
				MTL_ENABLE_DEBUG_INFO = NO;
				MTL_FAST_MATH = YES;
				SDKROOT = iphoneos;
				SWIFT_COMPILATION_MODE = wholemodule;
				SWIFT_OPTIMIZATION_LEVEL = "-O";
				VALIDATE_PRODUCT = YES;
			};
			name = Release;
		};
		72E00BFB243CD37100D37425 /* Debug */ = {
			isa = XCBuildConfiguration;
			buildSettings = {
				ASSETCATALOG_COMPILER_APPICON_NAME = AppIcon;
				CODE_SIGN_STYLE = Automatic;
				DEVELOPMENT_TEAM = 7Y4MVS9LU7;
				INFOPLIST_FILE = LanguageAndFonts/Info.plist;
				IPHONEOS_DEPLOYMENT_TARGET = 13.0;
				LD_RUNPATH_SEARCH_PATHS = (
					"$(inherited)",
					"@executable_path/Frameworks",
				);
				PRODUCT_BUNDLE_IDENTIFIER = com.LanguageAndFonts;
				PRODUCT_NAME = "$(TARGET_NAME)";
				SWIFT_VERSION = 5.0;
				TARGETED_DEVICE_FAMILY = "1,2";
			};
			name = Debug;
		};
		72E00BFC243CD37100D37425 /* Release */ = {
			isa = XCBuildConfiguration;
			buildSettings = {
				ASSETCATALOG_COMPILER_APPICON_NAME = AppIcon;
				CODE_SIGN_STYLE = Automatic;
				DEVELOPMENT_TEAM = 7Y4MVS9LU7;
				INFOPLIST_FILE = LanguageAndFonts/Info.plist;
				IPHONEOS_DEPLOYMENT_TARGET = 13.0;
				LD_RUNPATH_SEARCH_PATHS = (
					"$(inherited)",
					"@executable_path/Frameworks",
				);
				PRODUCT_BUNDLE_IDENTIFIER = com.LanguageAndFonts;
				PRODUCT_NAME = "$(TARGET_NAME)";
				SWIFT_VERSION = 5.0;
				TARGETED_DEVICE_FAMILY = "1,2";
			};
			name = Release;
		};
/* End XCBuildConfiguration section */

/* Begin XCConfigurationList section */
		72E00BE1243CD36D00D37425 /* Build configuration list for PBXProject "LanguageAndFonts" */ = {
			isa = XCConfigurationList;
			buildConfigurations = (
				72E00BF8243CD37100D37425 /* Debug */,
				72E00BF9243CD37100D37425 /* Release */,
			);
			defaultConfigurationIsVisible = 0;
			defaultConfigurationName = Release;
		};
		72E00BFA243CD37100D37425 /* Build configuration list for PBXNativeTarget "LanguageAndFonts" */ = {
			isa = XCConfigurationList;
			buildConfigurations = (
				72E00BFB243CD37100D37425 /* Debug */,
				72E00BFC243CD37100D37425 /* Release */,
			);
			defaultConfigurationIsVisible = 0;
			defaultConfigurationName = Release;
		};
/* End XCConfigurationList section */
	};
	rootObject = 72E00BDE243CD36D00D37425 /* Project object */;
}
